// !$*UTF8*$!
{
	archiveVersion = 1;
	classes = {
	};
	objectVersion = 56;
	objects = {

/* Begin PBXBuildFile section */
		93AADF807D41ACB338F6A6FE /* Pods_LikemindsChatSample.framework in Frameworks */ = {isa = PBXBuildFile; fileRef = B59CADE1F6010AF9B92A9E22 /* Pods_LikemindsChatSample.framework */; };
		E5A045372C0AEC880086C431 /* CustomHomeFeedExploreTabView.swift in Sources */ = {isa = PBXBuildFile; fileRef = E5A045362C0AEC880086C431 /* CustomHomeFeedExploreTabView.swift */; };
		E5A045392C0AF0690086C431 /* CustomMessageBubbleView.swift in Sources */ = {isa = PBXBuildFile; fileRef = E5A045382C0AF0690086C431 /* CustomMessageBubbleView.swift */; };
		F45B8AAE2B999F4900AB95E4 /* CustomChatroomView.swift in Sources */ = {isa = PBXBuildFile; fileRef = F45B8AAD2B999F4900AB95E4 /* CustomChatroomView.swift */; };
		F4A82F312BE3B53100217D1B /* GoogleService-Info.plist in Resources */ = {isa = PBXBuildFile; fileRef = F4A82F302BE3B53000217D1B /* GoogleService-Info.plist */; };
		F4C790D92B296EA90084823E /* AppDelegate.swift in Sources */ = {isa = PBXBuildFile; fileRef = F4C790D82B296EA90084823E /* AppDelegate.swift */; };
		F4C790DB2B296EA90084823E /* SceneDelegate.swift in Sources */ = {isa = PBXBuildFile; fileRef = F4C790DA2B296EA90084823E /* SceneDelegate.swift */; };
		F4C790DD2B296EA90084823E /* ViewController.swift in Sources */ = {isa = PBXBuildFile; fileRef = F4C790DC2B296EA90084823E /* ViewController.swift */; };
		F4C790E02B296EA90084823E /* Main.storyboard in Resources */ = {isa = PBXBuildFile; fileRef = F4C790DE2B296EA90084823E /* Main.storyboard */; };
		F4C790E22B296EAE0084823E /* Assets.xcassets in Resources */ = {isa = PBXBuildFile; fileRef = F4C790E12B296EAE0084823E /* Assets.xcassets */; };
		F4C790E52B296EAE0084823E /* LaunchScreen.storyboard in Resources */ = {isa = PBXBuildFile; fileRef = F4C790E32B296EAE0084823E /* LaunchScreen.storyboard */; };
		F4CB0CAC2C20A8AE00C89A57 /* ChatFeedViewController.swift in Sources */ = {isa = PBXBuildFile; fileRef = F4CB0CA92C20A8AE00C89A57 /* ChatFeedViewController.swift */; };
		F4CB0CAD2C20A8AE00C89A57 /* ChatFeedViewModel.swift in Sources */ = {isa = PBXBuildFile; fileRef = F4CB0CAA2C20A8AE00C89A57 /* ChatFeedViewModel.swift */; };
		F4E4CE372C36AB2B00098BB3 /* CustomDMApproveRejectView.swift in Sources */ = {isa = PBXBuildFile; fileRef = F4E4CE362C36AB2B00098BB3 /* CustomDMApproveRejectView.swift */; };
		F4E4CE392C36AE9300098BB3 /* CustomParticipantItemView.swift in Sources */ = {isa = PBXBuildFile; fileRef = F4E4CE382C36AE9300098BB3 /* CustomParticipantItemView.swift */; };
		F4E4CE3B2C36B13800098BB3 /* CustomMemberListViewController.swift in Sources */ = {isa = PBXBuildFile; fileRef = F4E4CE3A2C36B13800098BB3 /* CustomMemberListViewController.swift */; };
		F4FB20662C0B5987009C2D73 /* CustomExploreChatroomView.swift in Sources */ = {isa = PBXBuildFile; fileRef = F4FB20652C0B5987009C2D73 /* CustomExploreChatroomView.swift */; };
		F4FB20682C0B5CA1009C2D73 /* CustomReplyPreview.swift in Sources */ = {isa = PBXBuildFile; fileRef = F4FB20672C0B5CA1009C2D73 /* CustomReplyPreview.swift */; };
/* End PBXBuildFile section */

/* Begin PBXFileReference section */
		7BEDFC3E077A84C368424841 /* Pods-LikemindsChatSample.debug.xcconfig */ = {isa = PBXFileReference; includeInIndex = 1; lastKnownFileType = text.xcconfig; name = "Pods-LikemindsChatSample.debug.xcconfig"; path = "Target Support Files/Pods-LikemindsChatSample/Pods-LikemindsChatSample.debug.xcconfig"; sourceTree = "<group>"; };
		7BF122E9ADD63DF5B0403FDB /* Pods-LikemindsChatSample.release.xcconfig */ = {isa = PBXFileReference; includeInIndex = 1; lastKnownFileType = text.xcconfig; name = "Pods-LikemindsChatSample.release.xcconfig"; path = "Target Support Files/Pods-LikemindsChatSample/Pods-LikemindsChatSample.release.xcconfig"; sourceTree = "<group>"; };
		B59CADE1F6010AF9B92A9E22 /* Pods_LikemindsChatSample.framework */ = {isa = PBXFileReference; explicitFileType = wrapper.framework; includeInIndex = 0; path = Pods_LikemindsChatSample.framework; sourceTree = BUILT_PRODUCTS_DIR; };
		E5A045362C0AEC880086C431 /* CustomHomeFeedExploreTabView.swift */ = {isa = PBXFileReference; lastKnownFileType = sourcecode.swift; path = CustomHomeFeedExploreTabView.swift; sourceTree = "<group>"; };
		E5A045382C0AF0690086C431 /* CustomMessageBubbleView.swift */ = {isa = PBXFileReference; lastKnownFileType = sourcecode.swift; path = CustomMessageBubbleView.swift; sourceTree = "<group>"; };
		F45B8AAD2B999F4900AB95E4 /* CustomChatroomView.swift */ = {isa = PBXFileReference; lastKnownFileType = sourcecode.swift; path = CustomChatroomView.swift; sourceTree = "<group>"; };
		F4A82F302BE3B53000217D1B /* GoogleService-Info.plist */ = {isa = PBXFileReference; fileEncoding = 4; lastKnownFileType = text.plist.xml; path = "GoogleService-Info.plist"; sourceTree = "<group>"; };
		F4A82F342BE4170400217D1B /* LikemindsChatSample.entitlements */ = {isa = PBXFileReference; lastKnownFileType = text.plist.entitlements; path = LikemindsChatSample.entitlements; sourceTree = "<group>"; };
		F4C790D52B296EA90084823E /* LikemindsChatSample.app */ = {isa = PBXFileReference; explicitFileType = wrapper.application; includeInIndex = 0; path = LikemindsChatSample.app; sourceTree = BUILT_PRODUCTS_DIR; };
		F4C790D82B296EA90084823E /* AppDelegate.swift */ = {isa = PBXFileReference; lastKnownFileType = sourcecode.swift; path = AppDelegate.swift; sourceTree = "<group>"; };
		F4C790DA2B296EA90084823E /* SceneDelegate.swift */ = {isa = PBXFileReference; lastKnownFileType = sourcecode.swift; path = SceneDelegate.swift; sourceTree = "<group>"; };
		F4C790DC2B296EA90084823E /* ViewController.swift */ = {isa = PBXFileReference; lastKnownFileType = sourcecode.swift; path = ViewController.swift; sourceTree = "<group>"; };
		F4C790DF2B296EA90084823E /* Base */ = {isa = PBXFileReference; lastKnownFileType = file.storyboard; name = Base; path = Base.lproj/Main.storyboard; sourceTree = "<group>"; };
		F4C790E12B296EAE0084823E /* Assets.xcassets */ = {isa = PBXFileReference; lastKnownFileType = folder.assetcatalog; path = Assets.xcassets; sourceTree = "<group>"; };
		F4C790E42B296EAE0084823E /* Base */ = {isa = PBXFileReference; lastKnownFileType = file.storyboard; name = Base; path = Base.lproj/LaunchScreen.storyboard; sourceTree = "<group>"; };
		F4C790E62B296EAE0084823E /* Info.plist */ = {isa = PBXFileReference; lastKnownFileType = text.plist.xml; path = Info.plist; sourceTree = "<group>"; };
		F4CB0CA92C20A8AE00C89A57 /* ChatFeedViewController.swift */ = {isa = PBXFileReference; fileEncoding = 4; lastKnownFileType = sourcecode.swift; path = ChatFeedViewController.swift; sourceTree = "<group>"; };
		F4CB0CAA2C20A8AE00C89A57 /* ChatFeedViewModel.swift */ = {isa = PBXFileReference; fileEncoding = 4; lastKnownFileType = sourcecode.swift; path = ChatFeedViewModel.swift; sourceTree = "<group>"; };
		F4E4CE362C36AB2B00098BB3 /* CustomDMApproveRejectView.swift */ = {isa = PBXFileReference; lastKnownFileType = sourcecode.swift; path = CustomDMApproveRejectView.swift; sourceTree = "<group>"; };
		F4E4CE382C36AE9300098BB3 /* CustomParticipantItemView.swift */ = {isa = PBXFileReference; lastKnownFileType = sourcecode.swift; path = CustomParticipantItemView.swift; sourceTree = "<group>"; };
		F4E4CE3A2C36B13800098BB3 /* CustomMemberListViewController.swift */ = {isa = PBXFileReference; lastKnownFileType = sourcecode.swift; path = CustomMemberListViewController.swift; sourceTree = "<group>"; };
		F4FB20652C0B5987009C2D73 /* CustomExploreChatroomView.swift */ = {isa = PBXFileReference; lastKnownFileType = sourcecode.swift; path = CustomExploreChatroomView.swift; sourceTree = "<group>"; };
		F4FB20672C0B5CA1009C2D73 /* CustomReplyPreview.swift */ = {isa = PBXFileReference; lastKnownFileType = sourcecode.swift; path = CustomReplyPreview.swift; sourceTree = "<group>"; };
/* End PBXFileReference section */

/* Begin PBXFrameworksBuildPhase section */
		F4C790D22B296EA90084823E /* Frameworks */ = {
			isa = PBXFrameworksBuildPhase;
			buildActionMask = 2147483647;
			files = (
				93AADF807D41ACB338F6A6FE /* Pods_LikemindsChatSample.framework in Frameworks */,
			);
			runOnlyForDeploymentPostprocessing = 0;
		};
/* End PBXFrameworksBuildPhase section */

/* Begin PBXGroup section */
		3CB88653AE97EF038352749A /* Pods */ = {
			isa = PBXGroup;
			children = (
				7BEDFC3E077A84C368424841 /* Pods-LikemindsChatSample.debug.xcconfig */,
				7BF122E9ADD63DF5B0403FDB /* Pods-LikemindsChatSample.release.xcconfig */,
			);
			path = Pods;
			sourceTree = "<group>";
		};
		62C7759AE285DC0A767ACAEF /* Frameworks */ = {
			isa = PBXGroup;
			children = (
				B59CADE1F6010AF9B92A9E22 /* Pods_LikemindsChatSample.framework */,
			);
			name = Frameworks;
			sourceTree = "<group>";
		};
		E5A045352C0AEBC00086C431 /* CustomViews */ = {
			isa = PBXGroup;
			children = (
				F45B8AAD2B999F4900AB95E4 /* CustomChatroomView.swift */,
				E5A045362C0AEC880086C431 /* CustomHomeFeedExploreTabView.swift */,
				E5A045382C0AF0690086C431 /* CustomMessageBubbleView.swift */,
				F4FB20652C0B5987009C2D73 /* CustomExploreChatroomView.swift */,
				F4FB20672C0B5CA1009C2D73 /* CustomReplyPreview.swift */,
				F4E4CE362C36AB2B00098BB3 /* CustomDMApproveRejectView.swift */,
				F4E4CE382C36AE9300098BB3 /* CustomParticipantItemView.swift */,
				F4E4CE3A2C36B13800098BB3 /* CustomMemberListViewController.swift */,
			);
			path = CustomViews;
			sourceTree = "<group>";
		};
		F4C790CC2B296EA80084823E = {
			isa = PBXGroup;
			children = (
				F4C790D72B296EA90084823E /* LikemindsChatSample */,
				F4C790D62B296EA90084823E /* Products */,
				3CB88653AE97EF038352749A /* Pods */,
				62C7759AE285DC0A767ACAEF /* Frameworks */,
			);
			sourceTree = "<group>";
		};
		F4C790D62B296EA90084823E /* Products */ = {
			isa = PBXGroup;
			children = (
				F4C790D52B296EA90084823E /* LikemindsChatSample.app */,
			);
			name = Products;
			sourceTree = "<group>";
		};
		F4C790D72B296EA90084823E /* LikemindsChatSample */ = {
			isa = PBXGroup;
			children = (
				F4CB0CAB2C20A8AE00C89A57 /* ChatHomeFeed */,
				E5A045352C0AEBC00086C431 /* CustomViews */,
				F4A82F342BE4170400217D1B /* LikemindsChatSample.entitlements */,
				F4A82F302BE3B53000217D1B /* GoogleService-Info.plist */,
				F4C790E62B296EAE0084823E /* Info.plist */,
				F4C790D82B296EA90084823E /* AppDelegate.swift */,
				F4C790DA2B296EA90084823E /* SceneDelegate.swift */,
				F4C790DC2B296EA90084823E /* ViewController.swift */,
				F4C790E12B296EAE0084823E /* Assets.xcassets */,
				F4C790E32B296EAE0084823E /* LaunchScreen.storyboard */,
				F4C790DE2B296EA90084823E /* Main.storyboard */,
			);
			path = LikemindsChatSample;
			sourceTree = "<group>";
		};
		F4CB0CAB2C20A8AE00C89A57 /* ChatHomeFeed */ = {
			isa = PBXGroup;
			children = (
				F4CB0CA92C20A8AE00C89A57 /* ChatFeedViewController.swift */,
				F4CB0CAA2C20A8AE00C89A57 /* ChatFeedViewModel.swift */,
			);
			path = ChatHomeFeed;
			sourceTree = "<group>";
		};
/* End PBXGroup section */

/* Begin PBXNativeTarget section */
		F4C790D42B296EA90084823E /* LikemindsChatSample */ = {
			isa = PBXNativeTarget;
			buildConfigurationList = F4C790E92B296EAE0084823E /* Build configuration list for PBXNativeTarget "LikemindsChatSample" */;
			buildPhases = (
				CC7F39FBE52DFB46A8FFB3C7 /* [CP] Check Pods Manifest.lock */,
				F4C790D12B296EA90084823E /* Sources */,
				F4C790D22B296EA90084823E /* Frameworks */,
				F4C790D32B296EA90084823E /* Resources */,
				B0D6CEBC4F1FDD90769A3BF2 /* [CP] Embed Pods Frameworks */,
			);
			buildRules = (
			);
			dependencies = (
			);
			name = LikemindsChatSample;
			productName = LikemindsChatSample;
			productReference = F4C790D52B296EA90084823E /* LikemindsChatSample.app */;
			productType = "com.apple.product-type.application";
		};
/* End PBXNativeTarget section */

/* Begin PBXProject section */
		F4C790CD2B296EA90084823E /* Project object */ = {
			isa = PBXProject;
			attributes = {
				BuildIndependentTargetsInParallel = 1;
				LastSwiftUpdateCheck = 1500;
				LastUpgradeCheck = 1500;
				TargetAttributes = {
					F4C790D42B296EA90084823E = {
						CreatedOnToolsVersion = 15.0.1;
					};
				};
			};
			buildConfigurationList = F4C790D02B296EA90084823E /* Build configuration list for PBXProject "LikemindsChatSample" */;
			compatibilityVersion = "Xcode 14.0";
			developmentRegion = en;
			hasScannedForEncodings = 0;
			knownRegions = (
				en,
				Base,
			);
			mainGroup = F4C790CC2B296EA80084823E;
			productRefGroup = F4C790D62B296EA90084823E /* Products */;
			projectDirPath = "";
			projectRoot = "";
			targets = (
				F4C790D42B296EA90084823E /* LikemindsChatSample */,
			);
		};
/* End PBXProject section */

/* Begin PBXResourcesBuildPhase section */
		F4C790D32B296EA90084823E /* Resources */ = {
			isa = PBXResourcesBuildPhase;
			buildActionMask = 2147483647;
			files = (
				F4C790E52B296EAE0084823E /* LaunchScreen.storyboard in Resources */,
				F4A82F312BE3B53100217D1B /* GoogleService-Info.plist in Resources */,
				F4C790E22B296EAE0084823E /* Assets.xcassets in Resources */,
				F4C790E02B296EA90084823E /* Main.storyboard in Resources */,
			);
			runOnlyForDeploymentPostprocessing = 0;
		};
/* End PBXResourcesBuildPhase section */

/* Begin PBXShellScriptBuildPhase section */
		B0D6CEBC4F1FDD90769A3BF2 /* [CP] Embed Pods Frameworks */ = {
			isa = PBXShellScriptBuildPhase;
			buildActionMask = 2147483647;
			files = (
			);
			inputFileListPaths = (
				"${PODS_ROOT}/Target Support Files/Pods-LikemindsChatSample/Pods-LikemindsChatSample-frameworks-${CONFIGURATION}-input-files.xcfilelist",
			);
			name = "[CP] Embed Pods Frameworks";
			outputFileListPaths = (
				"${PODS_ROOT}/Target Support Files/Pods-LikemindsChatSample/Pods-LikemindsChatSample-frameworks-${CONFIGURATION}-output-files.xcfilelist",
			);
			runOnlyForDeploymentPostprocessing = 0;
			shellPath = /bin/sh;
			shellScript = "\"${PODS_ROOT}/Target Support Files/Pods-LikemindsChatSample/Pods-LikemindsChatSample-frameworks.sh\"\n";
			showEnvVarsInLog = 0;
		};
		CC7F39FBE52DFB46A8FFB3C7 /* [CP] Check Pods Manifest.lock */ = {
			isa = PBXShellScriptBuildPhase;
			buildActionMask = 2147483647;
			files = (
			);
			inputFileListPaths = (
			);
			inputPaths = (
				"${PODS_PODFILE_DIR_PATH}/Podfile.lock",
				"${PODS_ROOT}/Manifest.lock",
			);
			name = "[CP] Check Pods Manifest.lock";
			outputFileListPaths = (
			);
			outputPaths = (
				"$(DERIVED_FILE_DIR)/Pods-LikemindsChatSample-checkManifestLockResult.txt",
			);
			runOnlyForDeploymentPostprocessing = 0;
			shellPath = /bin/sh;
			shellScript = "diff \"${PODS_PODFILE_DIR_PATH}/Podfile.lock\" \"${PODS_ROOT}/Manifest.lock\" > /dev/null\nif [ $? != 0 ] ; then\n    # print error to STDERR\n    echo \"error: The sandbox is not in sync with the Podfile.lock. Run 'pod install' or update your CocoaPods installation.\" >&2\n    exit 1\nfi\n# This output is used by Xcode 'outputs' to avoid re-running this script phase.\necho \"SUCCESS\" > \"${SCRIPT_OUTPUT_FILE_0}\"\n";
			showEnvVarsInLog = 0;
		};
/* End PBXShellScriptBuildPhase section */

/* Begin PBXSourcesBuildPhase section */
		F4C790D12B296EA90084823E /* Sources */ = {
			isa = PBXSourcesBuildPhase;
			buildActionMask = 2147483647;
			files = (
				F4C790DD2B296EA90084823E /* ViewController.swift in Sources */,
				E5A045392C0AF0690086C431 /* CustomMessageBubbleView.swift in Sources */,
				F4E4CE392C36AE9300098BB3 /* CustomParticipantItemView.swift in Sources */,
				F4E4CE3B2C36B13800098BB3 /* CustomMemberListViewController.swift in Sources */,
				E5A045372C0AEC880086C431 /* CustomHomeFeedExploreTabView.swift in Sources */,
				F4C790D92B296EA90084823E /* AppDelegate.swift in Sources */,
				F4CB0CAC2C20A8AE00C89A57 /* ChatFeedViewController.swift in Sources */,
				F4FB20682C0B5CA1009C2D73 /* CustomReplyPreview.swift in Sources */,
				F4FB20662C0B5987009C2D73 /* CustomExploreChatroomView.swift in Sources */,
				F45B8AAE2B999F4900AB95E4 /* CustomChatroomView.swift in Sources */,
				F4CB0CAD2C20A8AE00C89A57 /* ChatFeedViewModel.swift in Sources */,
				F4E4CE372C36AB2B00098BB3 /* CustomDMApproveRejectView.swift in Sources */,
				F4C790DB2B296EA90084823E /* SceneDelegate.swift in Sources */,
			);
			runOnlyForDeploymentPostprocessing = 0;
		};
/* End PBXSourcesBuildPhase section */

/* Begin PBXVariantGroup section */
		F4C790DE2B296EA90084823E /* Main.storyboard */ = {
			isa = PBXVariantGroup;
			children = (
				F4C790DF2B296EA90084823E /* Base */,
			);
			name = Main.storyboard;
			sourceTree = "<group>";
		};
		F4C790E32B296EAE0084823E /* LaunchScreen.storyboard */ = {
			isa = PBXVariantGroup;
			children = (
				F4C790E42B296EAE0084823E /* Base */,
			);
			name = LaunchScreen.storyboard;
			sourceTree = "<group>";
		};
/* End PBXVariantGroup section */

/* Begin XCBuildConfiguration section */
		F4C790E72B296EAE0084823E /* Debug */ = {
			isa = XCBuildConfiguration;
			buildSettings = {
				ALWAYS_SEARCH_USER_PATHS = NO;
				ASSETCATALOG_COMPILER_GENERATE_SWIFT_ASSET_SYMBOL_EXTENSIONS = YES;
				CLANG_ANALYZER_NONNULL = YES;
				CLANG_ANALYZER_NUMBER_OBJECT_CONVERSION = YES_AGGRESSIVE;
				CLANG_CXX_LANGUAGE_STANDARD = "gnu++20";
				CLANG_ENABLE_MODULES = YES;
				CLANG_ENABLE_OBJC_ARC = YES;
				CLANG_ENABLE_OBJC_WEAK = YES;
				CLANG_WARN_BLOCK_CAPTURE_AUTORELEASING = YES;
				CLANG_WARN_BOOL_CONVERSION = YES;
				CLANG_WARN_COMMA = YES;
				CLANG_WARN_CONSTANT_CONVERSION = YES;
				CLANG_WARN_DEPRECATED_OBJC_IMPLEMENTATIONS = YES;
				CLANG_WARN_DIRECT_OBJC_ISA_USAGE = YES_ERROR;
				CLANG_WARN_DOCUMENTATION_COMMENTS = YES;
				CLANG_WARN_EMPTY_BODY = YES;
				CLANG_WARN_ENUM_CONVERSION = YES;
				CLANG_WARN_INFINITE_RECURSION = YES;
				CLANG_WARN_INT_CONVERSION = YES;
				CLANG_WARN_NON_LITERAL_NULL_CONVERSION = YES;
				CLANG_WARN_OBJC_IMPLICIT_RETAIN_SELF = YES;
				CLANG_WARN_OBJC_LITERAL_CONVERSION = YES;
				CLANG_WARN_OBJC_ROOT_CLASS = YES_ERROR;
				CLANG_WARN_QUOTED_INCLUDE_IN_FRAMEWORK_HEADER = YES;
				CLANG_WARN_RANGE_LOOP_ANALYSIS = YES;
				CLANG_WARN_STRICT_PROTOTYPES = YES;
				CLANG_WARN_SUSPICIOUS_MOVE = YES;
				CLANG_WARN_UNGUARDED_AVAILABILITY = YES_AGGRESSIVE;
				CLANG_WARN_UNREACHABLE_CODE = YES;
				CLANG_WARN__DUPLICATE_METHOD_MATCH = YES;
				COPY_PHASE_STRIP = NO;
				DEBUG_INFORMATION_FORMAT = dwarf;
				ENABLE_STRICT_OBJC_MSGSEND = YES;
				ENABLE_TESTABILITY = YES;
				ENABLE_USER_SCRIPT_SANDBOXING = NO;
				GCC_C_LANGUAGE_STANDARD = gnu17;
				GCC_DYNAMIC_NO_PIC = NO;
				GCC_NO_COMMON_BLOCKS = YES;
				GCC_OPTIMIZATION_LEVEL = 0;
				GCC_PREPROCESSOR_DEFINITIONS = (
					"DEBUG=1",
					"$(inherited)",
				);
				GCC_WARN_64_TO_32_BIT_CONVERSION = YES;
				GCC_WARN_ABOUT_RETURN_TYPE = YES_ERROR;
				GCC_WARN_UNDECLARED_SELECTOR = YES;
				GCC_WARN_UNINITIALIZED_AUTOS = YES_AGGRESSIVE;
				GCC_WARN_UNUSED_FUNCTION = YES;
				GCC_WARN_UNUSED_VARIABLE = YES;
				IPHONEOS_DEPLOYMENT_TARGET = 13.0;
				LOCALIZATION_PREFERS_STRING_CATALOGS = YES;
				MTL_ENABLE_DEBUG_INFO = INCLUDE_SOURCE;
				MTL_FAST_MATH = YES;
				ONLY_ACTIVE_ARCH = YES;
				SDKROOT = iphoneos;
				SWIFT_ACTIVE_COMPILATION_CONDITIONS = "DEBUG $(inherited)";
				SWIFT_OPTIMIZATION_LEVEL = "-Onone";
			};
			name = Debug;
		};
		F4C790E82B296EAE0084823E /* Release */ = {
			isa = XCBuildConfiguration;
			buildSettings = {
				ALWAYS_SEARCH_USER_PATHS = NO;
				ASSETCATALOG_COMPILER_GENERATE_SWIFT_ASSET_SYMBOL_EXTENSIONS = YES;
				CLANG_ANALYZER_NONNULL = YES;
				CLANG_ANALYZER_NUMBER_OBJECT_CONVERSION = YES_AGGRESSIVE;
				CLANG_CXX_LANGUAGE_STANDARD = "gnu++20";
				CLANG_ENABLE_MODULES = YES;
				CLANG_ENABLE_OBJC_ARC = YES;
				CLANG_ENABLE_OBJC_WEAK = YES;
				CLANG_WARN_BLOCK_CAPTURE_AUTORELEASING = YES;
				CLANG_WARN_BOOL_CONVERSION = YES;
				CLANG_WARN_COMMA = YES;
				CLANG_WARN_CONSTANT_CONVERSION = YES;
				CLANG_WARN_DEPRECATED_OBJC_IMPLEMENTATIONS = YES;
				CLANG_WARN_DIRECT_OBJC_ISA_USAGE = YES_ERROR;
				CLANG_WARN_DOCUMENTATION_COMMENTS = YES;
				CLANG_WARN_EMPTY_BODY = YES;
				CLANG_WARN_ENUM_CONVERSION = YES;
				CLANG_WARN_INFINITE_RECURSION = YES;
				CLANG_WARN_INT_CONVERSION = YES;
				CLANG_WARN_NON_LITERAL_NULL_CONVERSION = YES;
				CLANG_WARN_OBJC_IMPLICIT_RETAIN_SELF = YES;
				CLANG_WARN_OBJC_LITERAL_CONVERSION = YES;
				CLANG_WARN_OBJC_ROOT_CLASS = YES_ERROR;
				CLANG_WARN_QUOTED_INCLUDE_IN_FRAMEWORK_HEADER = YES;
				CLANG_WARN_RANGE_LOOP_ANALYSIS = YES;
				CLANG_WARN_STRICT_PROTOTYPES = YES;
				CLANG_WARN_SUSPICIOUS_MOVE = YES;
				CLANG_WARN_UNGUARDED_AVAILABILITY = YES_AGGRESSIVE;
				CLANG_WARN_UNREACHABLE_CODE = YES;
				CLANG_WARN__DUPLICATE_METHOD_MATCH = YES;
				COPY_PHASE_STRIP = NO;
				DEBUG_INFORMATION_FORMAT = "dwarf-with-dsym";
				ENABLE_NS_ASSERTIONS = NO;
				ENABLE_STRICT_OBJC_MSGSEND = YES;
				ENABLE_USER_SCRIPT_SANDBOXING = NO;
				GCC_C_LANGUAGE_STANDARD = gnu17;
				GCC_NO_COMMON_BLOCKS = YES;
				GCC_WARN_64_TO_32_BIT_CONVERSION = YES;
				GCC_WARN_ABOUT_RETURN_TYPE = YES_ERROR;
				GCC_WARN_UNDECLARED_SELECTOR = YES;
				GCC_WARN_UNINITIALIZED_AUTOS = YES_AGGRESSIVE;
				GCC_WARN_UNUSED_FUNCTION = YES;
				GCC_WARN_UNUSED_VARIABLE = YES;
				IPHONEOS_DEPLOYMENT_TARGET = 13.0;
				LOCALIZATION_PREFERS_STRING_CATALOGS = YES;
				MTL_ENABLE_DEBUG_INFO = NO;
				MTL_FAST_MATH = YES;
				SDKROOT = iphoneos;
				SWIFT_COMPILATION_MODE = wholemodule;
				VALIDATE_PRODUCT = YES;
			};
			name = Release;
		};
		F4C790EA2B296EAE0084823E /* Debug */ = {
			isa = XCBuildConfiguration;
			baseConfigurationReference = 7BEDFC3E077A84C368424841 /* Pods-LikemindsChatSample.debug.xcconfig */;
			buildSettings = {
				ASSETCATALOG_COMPILER_APPICON_NAME = AppIcon;
				ASSETCATALOG_COMPILER_GLOBAL_ACCENT_COLOR_NAME = AccentColor;
				CODE_SIGN_ENTITLEMENTS = LikemindsChatSample/LikemindsChatSample.entitlements;
				CODE_SIGN_IDENTITY = "Apple Development";
				CODE_SIGN_STYLE = Automatic;
				CURRENT_PROJECT_VERSION = 5;
				DEVELOPMENT_TEAM = HPC929F5X6;
				GENERATE_INFOPLIST_FILE = YES;
				INFOPLIST_FILE = LikemindsChatSample/Info.plist;
				INFOPLIST_KEY_CFBundleDisplayName = "LM Chat";
				INFOPLIST_KEY_NSCameraUsageDescription = "App using cammer for photo click";
				INFOPLIST_KEY_NSMicrophoneUsageDescription = "This App Records Fire";
				INFOPLIST_KEY_UIApplicationSupportsIndirectInputEvents = YES;
				INFOPLIST_KEY_UILaunchStoryboardName = LaunchScreen;
				INFOPLIST_KEY_UIMainStoryboardFile = Main;
				INFOPLIST_KEY_UISupportedInterfaceOrientations = UIInterfaceOrientationPortrait;
				IPHONEOS_DEPLOYMENT_TARGET = 13.0;
				LD_RUNPATH_SEARCH_PATHS = (
					"$(inherited)",
					"@executable_path/Frameworks",
				);
				MARKETING_VERSION = 1.3.2;
				PRODUCT_BUNDLE_IDENTIFIER = com.likeminds.chatapp.debug;
				PRODUCT_NAME = "$(TARGET_NAME)";
				PROVISIONING_PROFILE_SPECIFIER = "";
				SWIFT_EMIT_LOC_STRINGS = YES;
				SWIFT_VERSION = 5.0;
				TARGETED_DEVICE_FAMILY = "1,2";
			};
			name = Debug;
		};
		F4C790EB2B296EAE0084823E /* Release */ = {
			isa = XCBuildConfiguration;
			baseConfigurationReference = 7BF122E9ADD63DF5B0403FDB /* Pods-LikemindsChatSample.release.xcconfig */;
			buildSettings = {
				ASSETCATALOG_COMPILER_APPICON_NAME = AppIcon;
				ASSETCATALOG_COMPILER_GLOBAL_ACCENT_COLOR_NAME = AccentColor;
				CODE_SIGN_ENTITLEMENTS = LikemindsChatSample/LikemindsChatSample.entitlements;
				CODE_SIGN_IDENTITY = "Apple Development";
				CODE_SIGN_STYLE = Automatic;
				CURRENT_PROJECT_VERSION = 5;
				DEVELOPMENT_TEAM = HPC929F5X6;
				GENERATE_INFOPLIST_FILE = YES;
				INFOPLIST_FILE = LikemindsChatSample/Info.plist;
				INFOPLIST_KEY_CFBundleDisplayName = "LM Chat";
				INFOPLIST_KEY_NSCameraUsageDescription = "App using cammer for photo click";
				INFOPLIST_KEY_NSMicrophoneUsageDescription = "This App Records Fire";
				INFOPLIST_KEY_UIApplicationSupportsIndirectInputEvents = YES;
				INFOPLIST_KEY_UILaunchStoryboardName = LaunchScreen;
				INFOPLIST_KEY_UIMainStoryboardFile = Main;
				INFOPLIST_KEY_UISupportedInterfaceOrientations = UIInterfaceOrientationPortrait;
				IPHONEOS_DEPLOYMENT_TARGET = 13.0;
				LD_RUNPATH_SEARCH_PATHS = (
					"$(inherited)",
					"@executable_path/Frameworks",
				);
				MARKETING_VERSION = 1.3.2;
				PRODUCT_BUNDLE_IDENTIFIER = com.likeminds.chatapp;
				PRODUCT_NAME = "$(TARGET_NAME)";
				PROVISIONING_PROFILE_SPECIFIER = "";
				SWIFT_EMIT_LOC_STRINGS = YES;
				SWIFT_VERSION = 5.0;
				TARGETED_DEVICE_FAMILY = "1,2";
			};
			name = Release;
		};
/* End XCBuildConfiguration section */

/* Begin XCConfigurationList section */
		F4C790D02B296EA90084823E /* Build configuration list for PBXProject "LikemindsChatSample" */ = {
			isa = XCConfigurationList;
			buildConfigurations = (
				F4C790E72B296EAE0084823E /* Debug */,
				F4C790E82B296EAE0084823E /* Release */,
			);
			defaultConfigurationIsVisible = 0;
			defaultConfigurationName = Release;
		};
		F4C790E92B296EAE0084823E /* Build configuration list for PBXNativeTarget "LikemindsChatSample" */ = {
			isa = XCConfigurationList;
			buildConfigurations = (
				F4C790EA2B296EAE0084823E /* Debug */,
				F4C790EB2B296EAE0084823E /* Release */,
			);
			defaultConfigurationIsVisible = 0;
			defaultConfigurationName = Release;
		};
/* End XCConfigurationList section */
	};
	rootObject = F4C790CD2B296EA90084823E /* Project object */;
}
